
Microsoft Visual Studio Solution File, Format Version 12.00
# Visual Studio Version 17
VisualStudioVersion = 17.7.34221.43
MinimumVisualStudioVersion = 10.0.40219.1
Project("{FAE04EC0-301F-11D3-BF4B-00C04F79EFBC}") = "UserAuthLib", "UserAuthLib\UserAuthLib.csproj", "{E830BC8A-48F4-4086-B961-0C78967412BD}"
EndProject
Project("{FAE04EC0-301F-11D3-BF4B-00C04F79EFBC}") = "UserAuthUnitTest", "UserAuthUnitTest\UserAuthUnitTest.csproj", "{B7647A07-AC70-4012-AB41-95846CB12495}"
EndProject
Global
	GlobalSection(SolutionConfigurationPlatforms) = preSolution
		Debug|Any CPU = Debug|Any CPU
		Release|Any CPU = Release|Any CPU
	EndGlobalSection
	GlobalSection(ProjectConfigurationPlatforms) = postSolution
		{E830BC8A-48F4-4086-B961-0C78967412BD}.Debug|Any CPU.ActiveCfg = Debug|Any CPU
		{E830BC8A-48F4-4086-B961-0C78967412BD}.Debug|Any CPU.Build.0 = Debug|Any CPU
		{E830BC8A-48F4-4086-B961-0C78967412BD}.Release|Any CPU.ActiveCfg = Release|Any CPU
		{E830BC8A-48F4-4086-B961-0C78967412BD}.Release|Any CPU.Build.0 = Release|Any CPU
		{B7647A07-AC70-4012-AB41-95846CB12495}.Debug|Any CPU.ActiveCfg = Debug|Any CPU
		{B7647A07-AC70-4012-AB41-95846CB12495}.Debug|Any CPU.Build.0 = Debug|Any CPU
		{B7647A07-AC70-4012-AB41-95846CB12495}.Release|Any CPU.ActiveCfg = Release|Any CPU
		{B7647A07-AC70-4012-AB41-95846CB12495}.Release|Any CPU.Build.0 = Release|Any CPU
	EndGlobalSection
	GlobalSection(SolutionProperties) = preSolution
		HideSolutionNode = FALSE
	EndGlobalSection
	GlobalSection(ExtensibilityGlobals) = postSolution
		SolutionGuid = {62F87426-F31C-4B5D-9B74-D47CF494817E}
	EndGlobalSection
EndGlobal
